
Microsoft Visual Studio Solution File, Format Version 12.00
# Visual Studio 15
Project("{FAE04EC0-301F-11D3-BF4B-00C04F79EFBC}") = "Assembly-CSharp", "Assembly-CSharp.csproj", "{FEC5669B-6F6E-C257-0F0A-04EA26B05484}"
EndProject
Project("{FAE04EC0-301F-11D3-BF4B-00C04F79EFBC}") = "Assembly-CSharp-Editor", "Assembly-CSharp-Editor.csproj", "{C776298D-31EC-8850-4DFB-A98BB479DD58}"
EndProject
Global
	GlobalSection(SolutionConfigurationPlatforms) = preSolution
		Debug|Any CPU = Debug|Any CPU
		Release|Any CPU = Release|Any CPU
	EndGlobalSection
	GlobalSection(ProjectConfigurationPlatforms) = postSolution
		{FEC5669B-6F6E-C257-0F0A-04EA26B05484}.Debug|Any CPU.ActiveCfg = Debug|Any CPU
		{FEC5669B-6F6E-C257-0F0A-04EA26B05484}.Debug|Any CPU.Build.0 = Debug|Any CPU
		{FEC5669B-6F6E-C257-0F0A-04EA26B05484}.Release|Any CPU.ActiveCfg = Release|Any CPU
		{FEC5669B-6F6E-C257-0F0A-04EA26B05484}.Release|Any CPU.Build.0 = Release|Any CPU
		{C776298D-31EC-8850-4DFB-A98BB479DD58}.Debug|Any CPU.ActiveCfg = Debug|Any CPU
		{C776298D-31EC-8850-4DFB-A98BB479DD58}.Debug|Any CPU.Build.0 = Debug|Any CPU
		{C776298D-31EC-8850-4DFB-A98BB479DD58}.Release|Any CPU.ActiveCfg = Release|Any CPU
		{C776298D-31EC-8850-4DFB-A98BB479DD58}.Release|Any CPU.Build.0 = Release|Any CPU
	EndGlobalSection
	GlobalSection(SolutionProperties) = preSolution
		HideSolutionNode = FALSE
	EndGlobalSection
EndGlobal
